
Microsoft Visual Studio Solution File, Format Version 12.00
# Visual Studio Version 16
VisualStudioVersion = 16.0.28803.452
MinimumVisualStudioVersion = 10.0.40219.1
Project("{888888A0-9F3D-457C-B088-3A5042F75D52}") = "Zabbix_Maintenance", "Zabbix_Maintenance\Zabbix_Maintenance.pyproj", "{749F8929-2971-4EC5-9281-E64AABDF5C12}"
EndProject
Global
	GlobalSection(SolutionConfigurationPlatforms) = preSolution
		Debug|Any CPU = Debug|Any CPU
		Release|Any CPU = Release|Any CPU
	EndGlobalSection
	GlobalSection(ProjectConfigurationPlatforms) = postSolution
		{749F8929-2971-4EC5-9281-E64AABDF5C12}.Debug|Any CPU.ActiveCfg = Debug|Any CPU
		{749F8929-2971-4EC5-9281-E64AABDF5C12}.Debug|Any CPU.Build.0 = Debug|Any CPU
		{749F8929-2971-4EC5-9281-E64AABDF5C12}.Release|Any CPU.ActiveCfg = Release|Any CPU
		{749F8929-2971-4EC5-9281-E64AABDF5C12}.Release|Any CPU.Build.0 = Release|Any CPU
	EndGlobalSection
	GlobalSection(SolutionProperties) = preSolution
		HideSolutionNode = FALSE
	EndGlobalSection
	GlobalSection(ExtensibilityGlobals) = postSolution
		SolutionGuid = {AB0009F8-9CF2-4944-9DA8-C20C98F14159}
	EndGlobalSection
EndGlobal
